{
  "object": {
    "pins": [
      {
        "package": "LocalizationManager",
        "repositoryURL": "https://github.com/gese-nc/localization-manager.git",
        "state": {
          "branch": null,
          "revision": "4037c0a76ca6086b9d4260b29de1f8380747db67",
          "version": "3.2.0"
        }
      }
    ]
  },
  "version": 1
}
